Microsoft Visual Studio Solution File, Format Version 11.00
# Visual Studio 2008

Project("{9103337F-B255-6CB2-B2DA-01576535E195}") = "Beta_135_01_06_2016", "Assembly-CSharp-firstpass.csproj", "{6FCD7504-A659-B8AA-00FB-EA89571720D9}"
EndProject
Project("{9103337F-B255-6CB2-B2DA-01576535E195}") = "Beta_135_01_06_2016", "Assembly-CSharp.csproj", "{3DB2A80E-3667-55A0-8CD4-A3C3217DF4EF}"
EndProject
Project("{9103337F-B255-6CB2-B2DA-01576535E195}") = "Beta_135_01_06_2016", "Assembly-CSharp-Editor-firstpass.csproj", "{5AB4A79A-024A-9B9B-601E-93C048D5FD40}"
EndProject
Project("{9103337F-B255-6CB2-B2DA-01576535E195}") = "Beta_135_01_06_2016", "Assembly-CSharp-Editor.csproj", "{02D862E4-B139-3EE1-DD48-8E720EC7F7A4}"
EndProject
Global
	GlobalSection(SolutionConfigurationPlatforms) = preSolution
		Debug|Any CPU = Debug|Any CPU
		Release|Any CPU = Release|Any CPU
	EndGlobalSection
	GlobalSection(ProjectConfigurationPlatforms) = postSolution
		{6FCD7504-A659-B8AA-00FB-EA89571720D9}.Debug|Any CPU.ActiveCfg = Debug|Any CPU
		{6FCD7504-A659-B8AA-00FB-EA89571720D9}.Debug|Any CPU.Build.0 = Debug|Any CPU
		{6FCD7504-A659-B8AA-00FB-EA89571720D9}.Release|Any CPU.ActiveCfg = Release|Any CPU
		{6FCD7504-A659-B8AA-00FB-EA89571720D9}.Release|Any CPU.Build.0 = Release|Any CPU
		{3DB2A80E-3667-55A0-8CD4-A3C3217DF4EF}.Debug|Any CPU.ActiveCfg = Debug|Any CPU
		{3DB2A80E-3667-55A0-8CD4-A3C3217DF4EF}.Debug|Any CPU.Build.0 = Debug|Any CPU
		{3DB2A80E-3667-55A0-8CD4-A3C3217DF4EF}.Release|Any CPU.ActiveCfg = Release|Any CPU
		{3DB2A80E-3667-55A0-8CD4-A3C3217DF4EF}.Release|Any CPU.Build.0 = Release|Any CPU
		{5AB4A79A-024A-9B9B-601E-93C048D5FD40}.Debug|Any CPU.ActiveCfg = Debug|Any CPU
		{5AB4A79A-024A-9B9B-601E-93C048D5FD40}.Debug|Any CPU.Build.0 = Debug|Any CPU
		{5AB4A79A-024A-9B9B-601E-93C048D5FD40}.Release|Any CPU.ActiveCfg = Release|Any CPU
		{5AB4A79A-024A-9B9B-601E-93C048D5FD40}.Release|Any CPU.Build.0 = Release|Any CPU
		{02D862E4-B139-3EE1-DD48-8E720EC7F7A4}.Debug|Any CPU.ActiveCfg = Debug|Any CPU
		{02D862E4-B139-3EE1-DD48-8E720EC7F7A4}.Debug|Any CPU.Build.0 = Debug|Any CPU
		{02D862E4-B139-3EE1-DD48-8E720EC7F7A4}.Release|Any CPU.ActiveCfg = Release|Any CPU
		{02D862E4-B139-3EE1-DD48-8E720EC7F7A4}.Release|Any CPU.Build.0 = Release|Any CPU
	EndGlobalSection
	GlobalSection(SolutionProperties) = preSolution
		HideSolutionNode = FALSE
	EndGlobalSection
	GlobalSection(MonoDevelopProperties) = preSolution
		StartupItem = Assembly-CSharp.csproj
	EndGlobalSection
EndGlobal
